
Microsoft Visual Studio Solution File, Format Version 12.00
# Visual Studio Version 16
VisualStudioVersion = 16.0.30621.155
MinimumVisualStudioVersion = 10.0.40219.1
Project("{FAE04EC0-301F-11D3-BF4B-00C04F79EFBC}") = "GuessNumber", "GuessNumber\GuessNumber.csproj", "{CA6B805B-7F3F-4669-A51C-CEB32BDDED50}"
EndProject
Global
	GlobalSection(SolutionConfigurationPlatforms) = preSolution
		Debug|Any CPU = Debug|Any CPU
		Release|Any CPU = Release|Any CPU
	EndGlobalSection
	GlobalSection(ProjectConfigurationPlatforms) = postSolution
		{CA6B805B-7F3F-4669-A51C-CEB32BDDED50}.Debug|Any CPU.ActiveCfg = Debug|Any CPU
		{CA6B805B-7F3F-4669-A51C-CEB32BDDED50}.Debug|Any CPU.Build.0 = Debug|Any CPU
		{CA6B805B-7F3F-4669-A51C-CEB32BDDED50}.Release|Any CPU.ActiveCfg = Release|Any CPU
		{CA6B805B-7F3F-4669-A51C-CEB32BDDED50}.Release|Any CPU.Build.0 = Release|Any CPU
	EndGlobalSection
	GlobalSection(SolutionProperties) = preSolution
		HideSolutionNode = FALSE
	EndGlobalSection
	GlobalSection(ExtensibilityGlobals) = postSolution
		SolutionGuid = {B13518BF-6503-4D58-B95E-D125E3203F72}
	EndGlobalSection
EndGlobal
